
Microsoft Visual Studio Solution File, Format Version 12.00
# Visual Studio Version 16
VisualStudioVersion = 16.0.31129.286
MinimumVisualStudioVersion = 10.0.40219.1
Project("{FAE04EC0-301F-11D3-BF4B-00C04F79EFBC}") = "Lab10.0_GC", "Lab10.0_GC\Lab10.0_GC.csproj", "{F9411ECD-619B-43C6-B776-B460F4145E93}"
EndProject
Global
	GlobalSection(SolutionConfigurationPlatforms) = preSolution
		Debug|Any CPU = Debug|Any CPU
		Release|Any CPU = Release|Any CPU
	EndGlobalSection
	GlobalSection(ProjectConfigurationPlatforms) = postSolution
		{F9411ECD-619B-43C6-B776-B460F4145E93}.Debug|Any CPU.ActiveCfg = Debug|Any CPU
		{F9411ECD-619B-43C6-B776-B460F4145E93}.Debug|Any CPU.Build.0 = Debug|Any CPU
		{F9411ECD-619B-43C6-B776-B460F4145E93}.Release|Any CPU.ActiveCfg = Release|Any CPU
		{F9411ECD-619B-43C6-B776-B460F4145E93}.Release|Any CPU.Build.0 = Release|Any CPU
	EndGlobalSection
	GlobalSection(SolutionProperties) = preSolution
		HideSolutionNode = FALSE
	EndGlobalSection
	GlobalSection(ExtensibilityGlobals) = postSolution
		SolutionGuid = {E4A790BC-DC5A-40EA-BC82-754933DD820D}
	EndGlobalSection
EndGlobal
